
Microsoft Visual Studio Solution File, Format Version 12.00
# Visual Studio Version 17
VisualStudioVersion = 17.6.33829.357
MinimumVisualStudioVersion = 10.0.40219.1
Project("{FAE04EC0-301F-11D3-BF4B-00C04F79EFBC}") = "MikroYazilim.Business", "MikroYazilim.Business\MikroYazilim.Business.csproj", "{D7488DC0-CEDF-42FA-9EB7-0F9B47F551EE}"
EndProject
Project("{FAE04EC0-301F-11D3-BF4B-00C04F79EFBC}") = "MikroYazilim.Data", "MikroYazilim.Data\MikroYazilim.Data.csproj", "{799CBD46-97F0-4F64-9000-6BA21E721028}"
EndProject
Project("{FAE04EC0-301F-11D3-BF4B-00C04F79EFBC}") = "MikroYazilim.WebUI", "MikroYazilim.WebUI\MikroYazilim.WebUI.csproj", "{45625ED4-1FD2-4CD3-A58C-18B759DBAD86}"
EndProject
Global
	GlobalSection(SolutionConfigurationPlatforms) = preSolution
		Debug|Any CPU = Debug|Any CPU
		Release|Any CPU = Release|Any CPU
	EndGlobalSection
	GlobalSection(ProjectConfigurationPlatforms) = postSolution
		{D7488DC0-CEDF-42FA-9EB7-0F9B47F551EE}.Debug|Any CPU.ActiveCfg = Debug|Any CPU
		{D7488DC0-CEDF-42FA-9EB7-0F9B47F551EE}.Debug|Any CPU.Build.0 = Debug|Any CPU
		{D7488DC0-CEDF-42FA-9EB7-0F9B47F551EE}.Release|Any CPU.ActiveCfg = Release|Any CPU
		{D7488DC0-CEDF-42FA-9EB7-0F9B47F551EE}.Release|Any CPU.Build.0 = Release|Any CPU
		{799CBD46-97F0-4F64-9000-6BA21E721028}.Debug|Any CPU.ActiveCfg = Debug|Any CPU
		{799CBD46-97F0-4F64-9000-6BA21E721028}.Debug|Any CPU.Build.0 = Debug|Any CPU
		{799CBD46-97F0-4F64-9000-6BA21E721028}.Release|Any CPU.ActiveCfg = Release|Any CPU
		{799CBD46-97F0-4F64-9000-6BA21E721028}.Release|Any CPU.Build.0 = Release|Any CPU
		{45625ED4-1FD2-4CD3-A58C-18B759DBAD86}.Debug|Any CPU.ActiveCfg = Debug|Any CPU
		{45625ED4-1FD2-4CD3-A58C-18B759DBAD86}.Debug|Any CPU.Build.0 = Debug|Any CPU
		{45625ED4-1FD2-4CD3-A58C-18B759DBAD86}.Release|Any CPU.ActiveCfg = Release|Any CPU
		{45625ED4-1FD2-4CD3-A58C-18B759DBAD86}.Release|Any CPU.Build.0 = Release|Any CPU
	EndGlobalSection
	GlobalSection(SolutionProperties) = preSolution
		HideSolutionNode = FALSE
	EndGlobalSection
	GlobalSection(ExtensibilityGlobals) = postSolution
		SolutionGuid = {8E083B9A-5D6D-4F4F-AAA5-F905115A7CD1}
	EndGlobalSection
EndGlobal
